{
  "name": "hexbatch-core-flow",
  "version": "1.0.0",
  "lockfileVersion": 1,
  "requires": true,
  "dependencies": {
    "@fortawesome/fontawesome-free": {
      "version": "5.15.3",
      "resolved": "https://registry.npmjs.org/@fortawesome/fontawesome-free/-/fontawesome-free-5.15.3.tgz",
      "integrity": "sha512-rFnSUN/QOtnOAgqFRooTA3H57JLDm0QEG/jPdk+tLQNL/eWd+Aok8g3qCI+Q1xuDPWpGW/i9JySpJVsq8Q0s9w=="
    },
    "@ttskch/select2-bootstrap4-theme": {
      "version": "1.5.2",
      "resolved": "https://registry.npmjs.org/@ttskch/select2-bootstrap4-theme/-/select2-bootstrap4-theme-1.5.2.tgz",
      "integrity": "sha512-gAj8qNy/VYwQDBkACm0USM66kxFai8flX83ayRXPNhzZckEgSqIBB9sM74SCM3ssgeX+ZVy4BifTnLis+KpIyg=="
    },
    "bootstrap": {
      "version": "5.0.2",
      "resolved": "https://registry.npmjs.org/bootstrap/-/bootstrap-5.0.2.tgz",
      "integrity": "sha512-1Ge963tyEQWJJ+8qtXFU6wgmAVj9gweEjibUdbmcCEYsn38tVwRk8107rk2vzt6cfQcRr3SlZ8aQBqaD8aqf+Q=="
    },
    "bootstrap-icons": {
      "version": "1.5.0",
      "resolved": "https://registry.npmjs.org/bootstrap-icons/-/bootstrap-icons-1.5.0.tgz",
      "integrity": "sha512-44feMc7DE1Ccpsas/1wioN8ewFJNquvi5FewA06wLnqct7CwMdGDVy41ieHaacogzDqLfG8nADIvMNp9e4bfbA=="
    },
    "bs4-toast": {
      "version": "1.2.0",
      "resolved": "https://registry.npmjs.org/bs4-toast/-/bs4-toast-1.2.0.tgz",
      "integrity": "sha512-RxMJ4SQxlbUx4gO0vGDYMraOB7YRc7nogUIW5xQPIgRebjN93txo1Jc+FcLZYMuJUFr1YlCvpb5KMp9yC/xv6g==",
      "requires": {
        "bootstrap": ">=4.2.0",
        "jquery": ">=1.9.1"
      }
    },
    "dompurify": {
      "version": "2.3.0",
      "resolved": "https://registry.npmjs.org/dompurify/-/dompurify-2.3.0.tgz",
      "integrity": "sha512-VV5C6Kr53YVHGOBKO/F86OYX6/iLTw2yVSI721gKetxpHCK/V5TaLEf9ODjRgl1KLSWRMY6cUhAbv/c+IUnwQw=="
    },
    "jquery": {
      "version": "3.6.0",
      "resolved": "https://registry.npmjs.org/jquery/-/jquery-3.6.0.tgz",
      "integrity": "sha512-JVzAR/AjBvVt2BmYhxRCSYysDsPcssdmTFnzyLEts9qNwmjmu4JTAMYubEfwVOSwpQ1I1sKKFcxhZCI2buerfw=="
    },
    "lodash": {
      "version": "4.17.21",
      "resolved": "https://registry.npmjs.org/lodash/-/lodash-4.17.21.tgz",
      "integrity": "sha512-v2kDEe57lecTulaDIuNTPy3Ry4gLGJ6Z1O3vE1krgXZNrsQ+LFTGHVxVjcXPs17LhbZVGedAJv8XZ1tvj5FvSg=="
    },
    "sceditor": {
      "version": "3.0.0",
      "resolved": "https://registry.npmjs.org/sceditor/-/sceditor-3.0.0.tgz",
      "integrity": "sha512-aocaRfuFbwRcPVZODe+Mwf8klwgP8f0dM3FW/joNpNoa+mddF+4/BodkJnflLH2xeGzgn9kV1D79ADGHsqM+oA==",
      "requires": {
        "dompurify": "^2.0.8"
      }
    },
    "select2": {
      "version": "4.1.0-rc.0",
      "resolved": "https://registry.npmjs.org/select2/-/select2-4.1.0-rc.0.tgz",
      "integrity": "sha512-Hr9TdhyHCZUtwznEH2CBf7967mEM0idtJ5nMtjvk3Up5tPukOLXbHUNmh10oRfeNIhj+3GD3niu+g6sVK+gK0A=="
    },
    "tingle.js": {
      "version": "0.16.0",
      "resolved": "https://registry.npmjs.org/tingle.js/-/tingle.js-0.16.0.tgz",
      "integrity": "sha512-xV4F2j7+QMxDfzuX59KhxiWKeAgI/QSC8o7k9rQu8hZD8TZefMTViq7l07DIcVDb30IlAPlyFRs6SnD1Fup6hA=="
    }
  }
}
