{
  "name": "hexbatch-core-flow",
  "version": "0.4.0",
  "lockfileVersion": 2,
  "requires": true,
  "packages": {
    "": {
      "name": "hexbatch-core-flow",
      "version": "0.4.0",
      "license": "MIT",
      "dependencies": {
        "@fortawesome/fontawesome-free": "^6.1.0",
        "@ttskch/select2-bootstrap4-theme": "^1.5.2",
        "bootstrap": "^5.1.3",
        "bootstrap-icons": "^1.8.1",
        "bs4-toast": "^1.2.0",
        "clipboard": "^2.0.10",
        "diff2html": "^3.4.9",
        "dropzone": "^6.0.0-beta.1",
        "jquery": "^3.6.0",
        "lodash": "^4.17.21",
        "sceditor": "^3.0.0",
        "select2": "^4.1.0-rc.0",
        "sweetalert2": "^11.1.9",
        "swiper": "^8.0.7",
        "tingle.js": "^0.16.0",
        "uuid": "^8.3.2"
      }
    },
    "node_modules/@fortawesome/fontawesome-free": {
      "version": "6.1.0",
      "resolved": "https://registry.npmjs.org/@fortawesome/fontawesome-free/-/fontawesome-free-6.1.0.tgz",
      "integrity": "sha512-OgM74M6+Q7BuKAj8r+VfzwjnIGZrY62R4ipbiDvBW4FA0mLnB3yeuV/2bW63j+zppGyTvBp/3jqXp9ZXy43nFw==",
      "hasInstallScript": true,
      "engines": {
        "node": ">=6"
      }
    },
    "node_modules/@popperjs/core": {
      "version": "2.11.4",
      "resolved": "https://registry.npmjs.org/@popperjs/core/-/core-2.11.4.tgz",
      "integrity": "sha512-q/ytXxO5NKvyT37pmisQAItCFqA7FD/vNb8dgaJy3/630Fsc+Mz9/9f2SziBoIZ30TJooXyTwZmhi1zjXmObYg==",
      "peer": true,
      "funding": {
        "type": "opencollective",
        "url": "https://opencollective.com/popperjs"
      }
    },
    "node_modules/@swc/helpers": {
      "version": "0.2.13",
      "resolved": "https://registry.npmjs.org/@swc/helpers/-/helpers-0.2.13.tgz",
      "integrity": "sha512-HxfZHtTgDlME7fH+KIwBrm1B1+2iB3UpbcSbPCZzDAHxZ3z+qfjflHverm33sXrdyQYx4s3J7r6ot76433mwEg=="
    },
    "node_modules/@ttskch/select2-bootstrap4-theme": {
      "version": "1.5.2",
      "resolved": "https://registry.npmjs.org/@ttskch/select2-bootstrap4-theme/-/select2-bootstrap4-theme-1.5.2.tgz",
      "integrity": "sha512-gAj8qNy/VYwQDBkACm0USM66kxFai8flX83ayRXPNhzZckEgSqIBB9sM74SCM3ssgeX+ZVy4BifTnLis+KpIyg=="
    },
    "node_modules/abbrev": {
      "version": "1.1.1",
      "resolved": "https://registry.npmjs.org/abbrev/-/abbrev-1.1.1.tgz",
      "integrity": "sha512-nne9/IiQ/hzIhY6pdDnbBtz7DjPTKrY00P/zvPSm5pOFkl6xuGrGnXn/VtTNNfNtAfZ9/1RtehkszU9qcTii0Q=="
    },
    "node_modules/bootstrap": {
      "version": "5.1.3",
      "resolved": "https://registry.npmjs.org/bootstrap/-/bootstrap-5.1.3.tgz",
      "integrity": "sha512-fcQztozJ8jToQWXxVuEyXWW+dSo8AiXWKwiSSrKWsRB/Qt+Ewwza+JWoLKiTuQLaEPhdNAJ7+Dosc9DOIqNy7Q==",
      "funding": {
        "type": "opencollective",
        "url": "https://opencollective.com/bootstrap"
      },
      "peerDependencies": {
        "@popperjs/core": "^2.10.2"
      }
    },
    "node_modules/bootstrap-icons": {
      "version": "1.8.1",
      "resolved": "https://registry.npmjs.org/bootstrap-icons/-/bootstrap-icons-1.8.1.tgz",
      "integrity": "sha512-IXUqislddPJfwq6H+2nTkHyr9epO9h6u1AG0OZCx616w+TgzeoCjfmI3qJMQqt1J586gN2IxzB4M99Ip4sTZ1w==",
      "engines": {
        "node": ">=10"
      }
    },
    "node_modules/bs4-toast": {
      "version": "1.2.0",
      "resolved": "https://registry.npmjs.org/bs4-toast/-/bs4-toast-1.2.0.tgz",
      "integrity": "sha512-RxMJ4SQxlbUx4gO0vGDYMraOB7YRc7nogUIW5xQPIgRebjN93txo1Jc+FcLZYMuJUFr1YlCvpb5KMp9yC/xv6g==",
      "dependencies": {
        "bootstrap": ">=4.2.0",
        "jquery": ">=1.9.1"
      }
    },
    "node_modules/clipboard": {
      "version": "2.0.10",
      "resolved": "https://registry.npmjs.org/clipboard/-/clipboard-2.0.10.tgz",
      "integrity": "sha512-cz3m2YVwFz95qSEbCDi2fzLN/epEN9zXBvfgAoGkvGOJZATMl9gtTDVOtBYkx2ODUJl2kvmud7n32sV2BpYR4g==",
      "dependencies": {
        "good-listener": "^1.2.2",
        "select": "^1.1.2",
        "tiny-emitter": "^2.0.0"
      }
    },
    "node_modules/delegate": {
      "version": "3.2.0",
      "resolved": "https://registry.npmjs.org/delegate/-/delegate-3.2.0.tgz",
      "integrity": "sha512-IofjkYBZaZivn0V8nnsMJGBr4jVLxHDheKSW88PyxS5QC4Vo9ZbZVvhzlSxY87fVq3STR6r+4cGepyHkcWOQSw=="
    },
    "node_modules/diff": {
      "version": "5.0.0",
      "resolved": "https://registry.npmjs.org/diff/-/diff-5.0.0.tgz",
      "integrity": "sha512-/VTCrvm5Z0JGty/BWHljh+BAiw3IK+2j87NGMu8Nwc/f48WoDAC395uomO9ZD117ZOBaHmkX1oyLvkVM/aIT3w==",
      "engines": {
        "node": ">=0.3.1"
      }
    },
    "node_modules/diff2html": {
      "version": "3.4.16",
      "resolved": "https://registry.npmjs.org/diff2html/-/diff2html-3.4.16.tgz",
      "integrity": "sha512-KfkvEoZTJertjoGPYFLn8n0yRdvzJcHvFJpJwbIxUlHU9x6qqhRZEM+TlgtU09jdLqRZAQyWFoxPiP6HeT2IYA==",
      "dependencies": {
        "diff": "5.0.0",
        "hogan.js": "3.0.2"
      },
      "engines": {
        "node": ">=12"
      },
      "optionalDependencies": {
        "highlight.js": "11.2.0"
      }
    },
    "node_modules/dom7": {
      "version": "4.0.4",
      "resolved": "https://registry.npmjs.org/dom7/-/dom7-4.0.4.tgz",
      "integrity": "sha512-DSSgBzQ4rJWQp1u6o+3FVwMNnT5bzQbMb+o31TjYYeRi05uAcpF8koxdfzeoe5ElzPmua7W7N28YJhF7iEKqIw==",
      "dependencies": {
        "ssr-window": "^4.0.0"
      }
    },
    "node_modules/dompurify": {
      "version": "2.3.0",
      "resolved": "https://registry.npmjs.org/dompurify/-/dompurify-2.3.0.tgz",
      "integrity": "sha512-VV5C6Kr53YVHGOBKO/F86OYX6/iLTw2yVSI721gKetxpHCK/V5TaLEf9ODjRgl1KLSWRMY6cUhAbv/c+IUnwQw=="
    },
    "node_modules/dropzone": {
      "version": "6.0.0-beta.2",
      "resolved": "https://registry.npmjs.org/dropzone/-/dropzone-6.0.0-beta.2.tgz",
      "integrity": "sha512-k44yLuFFhRk53M8zP71FaaNzJYIzr99SKmpbO/oZKNslDjNXQsBTdfLs+iONd0U0L94zzlFzRnFdqbLcs7h9fQ==",
      "dependencies": {
        "@swc/helpers": "^0.2.13",
        "just-extend": "^5.0.0"
      }
    },
    "node_modules/good-listener": {
      "version": "1.2.2",
      "resolved": "https://registry.npmjs.org/good-listener/-/good-listener-1.2.2.tgz",
      "integrity": "sha1-1TswzfkxPf+33JoNR3CWqm0UXFA=",
      "dependencies": {
        "delegate": "^3.1.2"
      }
    },
    "node_modules/highlight.js": {
      "version": "11.2.0",
      "resolved": "https://registry.npmjs.org/highlight.js/-/highlight.js-11.2.0.tgz",
      "integrity": "sha512-JOySjtOEcyG8s4MLR2MNbLUyaXqUunmSnL2kdV/KuGJOmHZuAR5xC54Ko7goAXBWNhf09Vy3B+U7vR62UZ/0iw==",
      "optional": true,
      "engines": {
        "node": ">=12.0.0"
      }
    },
    "node_modules/hogan.js": {
      "version": "3.0.2",
      "resolved": "https://registry.npmjs.org/hogan.js/-/hogan.js-3.0.2.tgz",
      "integrity": "sha1-TNnhq9QpQUbnZ55B14mHMrAse/0=",
      "dependencies": {
        "mkdirp": "0.3.0",
        "nopt": "1.0.10"
      },
      "bin": {
        "hulk": "bin/hulk"
      }
    },
    "node_modules/jquery": {
      "version": "3.6.0",
      "resolved": "https://registry.npmjs.org/jquery/-/jquery-3.6.0.tgz",
      "integrity": "sha512-JVzAR/AjBvVt2BmYhxRCSYysDsPcssdmTFnzyLEts9qNwmjmu4JTAMYubEfwVOSwpQ1I1sKKFcxhZCI2buerfw=="
    },
    "node_modules/just-extend": {
      "version": "5.0.0",
      "resolved": "https://registry.npmjs.org/just-extend/-/just-extend-5.0.0.tgz",
      "integrity": "sha512-IrOqfBQAibpG8t7TbHJprRe1MK8zfLHf7+XN8FtrD4D+hptiuLAyNsm/weVEdk9IPs2lc742DcVLGPmcwBGFBA=="
    },
    "node_modules/lodash": {
      "version": "4.17.21",
      "resolved": "https://registry.npmjs.org/lodash/-/lodash-4.17.21.tgz",
      "integrity": "sha512-v2kDEe57lecTulaDIuNTPy3Ry4gLGJ6Z1O3vE1krgXZNrsQ+LFTGHVxVjcXPs17LhbZVGedAJv8XZ1tvj5FvSg=="
    },
    "node_modules/mkdirp": {
      "version": "0.3.0",
      "resolved": "https://registry.npmjs.org/mkdirp/-/mkdirp-0.3.0.tgz",
      "integrity": "sha1-G79asbqCevI1dRQ0kEJkVfSB/h4=",
      "deprecated": "Legacy versions of mkdirp are no longer supported. Please update to mkdirp 1.x. (Note that the API surface has changed to use Promises in 1.x.)",
      "engines": {
        "node": "*"
      }
    },
    "node_modules/nopt": {
      "version": "1.0.10",
      "resolved": "https://registry.npmjs.org/nopt/-/nopt-1.0.10.tgz",
      "integrity": "sha1-bd0hvSoxQXuScn3Vhfim83YI6+4=",
      "dependencies": {
        "abbrev": "1"
      },
      "bin": {
        "nopt": "bin/nopt.js"
      },
      "engines": {
        "node": "*"
      }
    },
    "node_modules/sceditor": {
      "version": "3.1.1",
      "resolved": "https://registry.npmjs.org/sceditor/-/sceditor-3.1.1.tgz",
      "integrity": "sha512-QnWMdCyX8GYHWMRJXTgaEg6ECYk0dEzmYcQppF3EWt7b223NXLNKQniL2SBHzf4ItkxKurtamSr1DU1t1E859g==",
      "dependencies": {
        "dompurify": "^2.0.8"
      },
      "engines": {
        "node": ">= 0.10.0"
      }
    },
    "node_modules/select": {
      "version": "1.1.2",
      "resolved": "https://registry.npmjs.org/select/-/select-1.1.2.tgz",
      "integrity": "sha1-DnNQrN7ICxEIUoeG7B1EGNEbOW0="
    },
    "node_modules/select2": {
      "version": "4.1.0-rc.0",
      "resolved": "https://registry.npmjs.org/select2/-/select2-4.1.0-rc.0.tgz",
      "integrity": "sha512-Hr9TdhyHCZUtwznEH2CBf7967mEM0idtJ5nMtjvk3Up5tPukOLXbHUNmh10oRfeNIhj+3GD3niu+g6sVK+gK0A=="
    },
    "node_modules/ssr-window": {
      "version": "4.0.2",
      "resolved": "https://registry.npmjs.org/ssr-window/-/ssr-window-4.0.2.tgz",
      "integrity": "sha512-ISv/Ch+ig7SOtw7G2+qkwfVASzazUnvlDTwypdLoPoySv+6MqlOV10VwPSE6EWkGjhW50lUmghPmpYZXMu/+AQ=="
    },
    "node_modules/sweetalert2": {
      "version": "11.4.6",
      "resolved": "https://registry.npmjs.org/sweetalert2/-/sweetalert2-11.4.6.tgz",
      "integrity": "sha512-7UDJV8etrJQ6vJGh88k7D63qBKtwEl8JV7zIxmO2Frp8ZGQDgQQC6f9ivqiVwLRxoEyfxsn/v3T6Zykk7/vlEg==",
      "funding": {
        "type": "individual",
        "url": "https://sweetalert2.github.io/#donations"
      }
    },
    "node_modules/swiper": {
      "version": "8.0.7",
      "resolved": "https://registry.npmjs.org/swiper/-/swiper-8.0.7.tgz",
      "integrity": "sha512-GHjDfxSZdupfU7LrSVOpaNaT7R1D2zxopPGBFz1UOXOtsYvVJLg0k6NvkTAD7qn0ASl5pTti82qoYwvYvIkg4g==",
      "funding": [
        {
          "type": "patreon",
          "url": "https://www.patreon.com/swiperjs"
        },
        {
          "type": "open_collective",
          "url": "http://opencollective.com/swiper"
        }
      ],
      "hasInstallScript": true,
      "dependencies": {
        "dom7": "^4.0.4",
        "ssr-window": "^4.0.2"
      },
      "engines": {
        "node": ">= 4.7.0"
      }
    },
    "node_modules/tingle.js": {
      "version": "0.16.0",
      "resolved": "https://registry.npmjs.org/tingle.js/-/tingle.js-0.16.0.tgz",
      "integrity": "sha512-xV4F2j7+QMxDfzuX59KhxiWKeAgI/QSC8o7k9rQu8hZD8TZefMTViq7l07DIcVDb30IlAPlyFRs6SnD1Fup6hA=="
    },
    "node_modules/tiny-emitter": {
      "version": "2.1.0",
      "resolved": "https://registry.npmjs.org/tiny-emitter/-/tiny-emitter-2.1.0.tgz",
      "integrity": "sha512-NB6Dk1A9xgQPMoGqC5CVXn123gWyte215ONT5Pp5a0yt4nlEoO1ZWeCwpncaekPHXO60i47ihFnZPiRPjRMq4Q=="
    },
    "node_modules/uuid": {
      "version": "8.3.2",
      "resolved": "https://registry.npmjs.org/uuid/-/uuid-8.3.2.tgz",
      "integrity": "sha512-+NYs2QeMWy+GWFOEm9xnn6HCDp0l7QBD7ml8zLUmJ+93Q5NF0NocErnwkTkXVFNiX3/fpC6afS8Dhb/gz7R7eg==",
      "bin": {
        "uuid": "dist/bin/uuid"
      }
    }
  },
  "dependencies": {
    "@fortawesome/fontawesome-free": {
      "version": "6.1.0",
      "resolved": "https://registry.npmjs.org/@fortawesome/fontawesome-free/-/fontawesome-free-6.1.0.tgz",
      "integrity": "sha512-OgM74M6+Q7BuKAj8r+VfzwjnIGZrY62R4ipbiDvBW4FA0mLnB3yeuV/2bW63j+zppGyTvBp/3jqXp9ZXy43nFw=="
    },
    "@popperjs/core": {
      "version": "2.11.4",
      "resolved": "https://registry.npmjs.org/@popperjs/core/-/core-2.11.4.tgz",
      "integrity": "sha512-q/ytXxO5NKvyT37pmisQAItCFqA7FD/vNb8dgaJy3/630Fsc+Mz9/9f2SziBoIZ30TJooXyTwZmhi1zjXmObYg==",
      "peer": true
    },
    "@swc/helpers": {
      "version": "0.2.13",
      "resolved": "https://registry.npmjs.org/@swc/helpers/-/helpers-0.2.13.tgz",
      "integrity": "sha512-HxfZHtTgDlME7fH+KIwBrm1B1+2iB3UpbcSbPCZzDAHxZ3z+qfjflHverm33sXrdyQYx4s3J7r6ot76433mwEg=="
    },
    "@ttskch/select2-bootstrap4-theme": {
      "version": "1.5.2",
      "resolved": "https://registry.npmjs.org/@ttskch/select2-bootstrap4-theme/-/select2-bootstrap4-theme-1.5.2.tgz",
      "integrity": "sha512-gAj8qNy/VYwQDBkACm0USM66kxFai8flX83ayRXPNhzZckEgSqIBB9sM74SCM3ssgeX+ZVy4BifTnLis+KpIyg=="
    },
    "abbrev": {
      "version": "1.1.1",
      "resolved": "https://registry.npmjs.org/abbrev/-/abbrev-1.1.1.tgz",
      "integrity": "sha512-nne9/IiQ/hzIhY6pdDnbBtz7DjPTKrY00P/zvPSm5pOFkl6xuGrGnXn/VtTNNfNtAfZ9/1RtehkszU9qcTii0Q=="
    },
    "bootstrap": {
      "version": "5.1.3",
      "resolved": "https://registry.npmjs.org/bootstrap/-/bootstrap-5.1.3.tgz",
      "integrity": "sha512-fcQztozJ8jToQWXxVuEyXWW+dSo8AiXWKwiSSrKWsRB/Qt+Ewwza+JWoLKiTuQLaEPhdNAJ7+Dosc9DOIqNy7Q==",
      "requires": {}
    },
    "bootstrap-icons": {
      "version": "1.8.1",
      "resolved": "https://registry.npmjs.org/bootstrap-icons/-/bootstrap-icons-1.8.1.tgz",
      "integrity": "sha512-IXUqislddPJfwq6H+2nTkHyr9epO9h6u1AG0OZCx616w+TgzeoCjfmI3qJMQqt1J586gN2IxzB4M99Ip4sTZ1w=="
    },
    "bs4-toast": {
      "version": "1.2.0",
      "resolved": "https://registry.npmjs.org/bs4-toast/-/bs4-toast-1.2.0.tgz",
      "integrity": "sha512-RxMJ4SQxlbUx4gO0vGDYMraOB7YRc7nogUIW5xQPIgRebjN93txo1Jc+FcLZYMuJUFr1YlCvpb5KMp9yC/xv6g==",
      "requires": {
        "bootstrap": ">=4.2.0",
        "jquery": ">=1.9.1"
      }
    },
    "clipboard": {
      "version": "2.0.10",
      "resolved": "https://registry.npmjs.org/clipboard/-/clipboard-2.0.10.tgz",
      "integrity": "sha512-cz3m2YVwFz95qSEbCDi2fzLN/epEN9zXBvfgAoGkvGOJZATMl9gtTDVOtBYkx2ODUJl2kvmud7n32sV2BpYR4g==",
      "requires": {
        "good-listener": "^1.2.2",
        "select": "^1.1.2",
        "tiny-emitter": "^2.0.0"
      }
    },
    "delegate": {
      "version": "3.2.0",
      "resolved": "https://registry.npmjs.org/delegate/-/delegate-3.2.0.tgz",
      "integrity": "sha512-IofjkYBZaZivn0V8nnsMJGBr4jVLxHDheKSW88PyxS5QC4Vo9ZbZVvhzlSxY87fVq3STR6r+4cGepyHkcWOQSw=="
    },
    "diff": {
      "version": "5.0.0",
      "resolved": "https://registry.npmjs.org/diff/-/diff-5.0.0.tgz",
      "integrity": "sha512-/VTCrvm5Z0JGty/BWHljh+BAiw3IK+2j87NGMu8Nwc/f48WoDAC395uomO9ZD117ZOBaHmkX1oyLvkVM/aIT3w=="
    },
    "diff2html": {
      "version": "3.4.16",
      "resolved": "https://registry.npmjs.org/diff2html/-/diff2html-3.4.16.tgz",
      "integrity": "sha512-KfkvEoZTJertjoGPYFLn8n0yRdvzJcHvFJpJwbIxUlHU9x6qqhRZEM+TlgtU09jdLqRZAQyWFoxPiP6HeT2IYA==",
      "requires": {
        "diff": "5.0.0",
        "highlight.js": "11.2.0",
        "hogan.js": "3.0.2"
      }
    },
    "dom7": {
      "version": "4.0.4",
      "resolved": "https://registry.npmjs.org/dom7/-/dom7-4.0.4.tgz",
      "integrity": "sha512-DSSgBzQ4rJWQp1u6o+3FVwMNnT5bzQbMb+o31TjYYeRi05uAcpF8koxdfzeoe5ElzPmua7W7N28YJhF7iEKqIw==",
      "requires": {
        "ssr-window": "^4.0.0"
      }
    },
    "dompurify": {
      "version": "2.3.0",
      "resolved": "https://registry.npmjs.org/dompurify/-/dompurify-2.3.0.tgz",
      "integrity": "sha512-VV5C6Kr53YVHGOBKO/F86OYX6/iLTw2yVSI721gKetxpHCK/V5TaLEf9ODjRgl1KLSWRMY6cUhAbv/c+IUnwQw=="
    },
    "dropzone": {
      "version": "6.0.0-beta.2",
      "resolved": "https://registry.npmjs.org/dropzone/-/dropzone-6.0.0-beta.2.tgz",
      "integrity": "sha512-k44yLuFFhRk53M8zP71FaaNzJYIzr99SKmpbO/oZKNslDjNXQsBTdfLs+iONd0U0L94zzlFzRnFdqbLcs7h9fQ==",
      "requires": {
        "@swc/helpers": "^0.2.13",
        "just-extend": "^5.0.0"
      }
    },
    "good-listener": {
      "version": "1.2.2",
      "resolved": "https://registry.npmjs.org/good-listener/-/good-listener-1.2.2.tgz",
      "integrity": "sha1-1TswzfkxPf+33JoNR3CWqm0UXFA=",
      "requires": {
        "delegate": "^3.1.2"
      }
    },
    "highlight.js": {
      "version": "11.2.0",
      "resolved": "https://registry.npmjs.org/highlight.js/-/highlight.js-11.2.0.tgz",
      "integrity": "sha512-JOySjtOEcyG8s4MLR2MNbLUyaXqUunmSnL2kdV/KuGJOmHZuAR5xC54Ko7goAXBWNhf09Vy3B+U7vR62UZ/0iw==",
      "optional": true
    },
    "hogan.js": {
      "version": "3.0.2",
      "resolved": "https://registry.npmjs.org/hogan.js/-/hogan.js-3.0.2.tgz",
      "integrity": "sha1-TNnhq9QpQUbnZ55B14mHMrAse/0=",
      "requires": {
        "mkdirp": "0.3.0",
        "nopt": "1.0.10"
      }
    },
    "jquery": {
      "version": "3.6.0",
      "resolved": "https://registry.npmjs.org/jquery/-/jquery-3.6.0.tgz",
      "integrity": "sha512-JVzAR/AjBvVt2BmYhxRCSYysDsPcssdmTFnzyLEts9qNwmjmu4JTAMYubEfwVOSwpQ1I1sKKFcxhZCI2buerfw=="
    },
    "just-extend": {
      "version": "5.0.0",
      "resolved": "https://registry.npmjs.org/just-extend/-/just-extend-5.0.0.tgz",
      "integrity": "sha512-IrOqfBQAibpG8t7TbHJprRe1MK8zfLHf7+XN8FtrD4D+hptiuLAyNsm/weVEdk9IPs2lc742DcVLGPmcwBGFBA=="
    },
    "lodash": {
      "version": "4.17.21",
      "resolved": "https://registry.npmjs.org/lodash/-/lodash-4.17.21.tgz",
      "integrity": "sha512-v2kDEe57lecTulaDIuNTPy3Ry4gLGJ6Z1O3vE1krgXZNrsQ+LFTGHVxVjcXPs17LhbZVGedAJv8XZ1tvj5FvSg=="
    },
    "mkdirp": {
      "version": "0.3.0",
      "resolved": "https://registry.npmjs.org/mkdirp/-/mkdirp-0.3.0.tgz",
      "integrity": "sha1-G79asbqCevI1dRQ0kEJkVfSB/h4="
    },
    "nopt": {
      "version": "1.0.10",
      "resolved": "https://registry.npmjs.org/nopt/-/nopt-1.0.10.tgz",
      "integrity": "sha1-bd0hvSoxQXuScn3Vhfim83YI6+4=",
      "requires": {
        "abbrev": "1"
      }
    },
    "sceditor": {
      "version": "3.1.1",
      "resolved": "https://registry.npmjs.org/sceditor/-/sceditor-3.1.1.tgz",
      "integrity": "sha512-QnWMdCyX8GYHWMRJXTgaEg6ECYk0dEzmYcQppF3EWt7b223NXLNKQniL2SBHzf4ItkxKurtamSr1DU1t1E859g==",
      "requires": {
        "dompurify": "^2.0.8"
      }
    },
    "select": {
      "version": "1.1.2",
      "resolved": "https://registry.npmjs.org/select/-/select-1.1.2.tgz",
      "integrity": "sha1-DnNQrN7ICxEIUoeG7B1EGNEbOW0="
    },
    "select2": {
      "version": "4.1.0-rc.0",
      "resolved": "https://registry.npmjs.org/select2/-/select2-4.1.0-rc.0.tgz",
      "integrity": "sha512-Hr9TdhyHCZUtwznEH2CBf7967mEM0idtJ5nMtjvk3Up5tPukOLXbHUNmh10oRfeNIhj+3GD3niu+g6sVK+gK0A=="
    },
    "ssr-window": {
      "version": "4.0.2",
      "resolved": "https://registry.npmjs.org/ssr-window/-/ssr-window-4.0.2.tgz",
      "integrity": "sha512-ISv/Ch+ig7SOtw7G2+qkwfVASzazUnvlDTwypdLoPoySv+6MqlOV10VwPSE6EWkGjhW50lUmghPmpYZXMu/+AQ=="
    },
    "sweetalert2": {
      "version": "11.4.6",
      "resolved": "https://registry.npmjs.org/sweetalert2/-/sweetalert2-11.4.6.tgz",
      "integrity": "sha512-7UDJV8etrJQ6vJGh88k7D63qBKtwEl8JV7zIxmO2Frp8ZGQDgQQC6f9ivqiVwLRxoEyfxsn/v3T6Zykk7/vlEg=="
    },
    "swiper": {
      "version": "8.0.7",
      "resolved": "https://registry.npmjs.org/swiper/-/swiper-8.0.7.tgz",
      "integrity": "sha512-GHjDfxSZdupfU7LrSVOpaNaT7R1D2zxopPGBFz1UOXOtsYvVJLg0k6NvkTAD7qn0ASl5pTti82qoYwvYvIkg4g==",
      "requires": {
        "dom7": "^4.0.4",
        "ssr-window": "^4.0.2"
      }
    },
    "tingle.js": {
      "version": "0.16.0",
      "resolved": "https://registry.npmjs.org/tingle.js/-/tingle.js-0.16.0.tgz",
      "integrity": "sha512-xV4F2j7+QMxDfzuX59KhxiWKeAgI/QSC8o7k9rQu8hZD8TZefMTViq7l07DIcVDb30IlAPlyFRs6SnD1Fup6hA=="
    },
    "tiny-emitter": {
      "version": "2.1.0",
      "resolved": "https://registry.npmjs.org/tiny-emitter/-/tiny-emitter-2.1.0.tgz",
      "integrity": "sha512-NB6Dk1A9xgQPMoGqC5CVXn123gWyte215ONT5Pp5a0yt4nlEoO1ZWeCwpncaekPHXO60i47ihFnZPiRPjRMq4Q=="
    },
    "uuid": {
      "version": "8.3.2",
      "resolved": "https://registry.npmjs.org/uuid/-/uuid-8.3.2.tgz",
      "integrity": "sha512-+NYs2QeMWy+GWFOEm9xnn6HCDp0l7QBD7ml8zLUmJ+93Q5NF0NocErnwkTkXVFNiX3/fpC6afS8Dhb/gz7R7eg=="
    }
  }
}
